{
  "name": "libphone-test",
  "lockfileVersion": 2,
  "requires": true,
  "packages": {
    "": {
      "dependencies": {
        "libphonenumber-js": "^1.10.60"
      }
    },
    "node_modules/libphonenumber-js": {
      "version": "1.10.60",
      "resolved": "https://registry.npmjs.org/libphonenumber-js/-/libphonenumber-js-1.10.60.tgz",
      "integrity": "sha512-Ctgq2lXUpEJo5j1762NOzl2xo7z7pqmVWYai0p07LvAkQ32tbPv3wb+tcUeHEiXhKU5buM4H9MXsXo6OlM6C2g=="
    }
  },
  "dependencies": {
    "libphonenumber-js": {
      "version": "1.10.60",
      "resolved": "https://registry.npmjs.org/libphonenumber-js/-/libphonenumber-js-1.10.60.tgz",
      "integrity": "sha512-Ctgq2lXUpEJo5j1762NOzl2xo7z7pqmVWYai0p07LvAkQ32tbPv3wb+tcUeHEiXhKU5buM4H9MXsXo6OlM6C2g=="
    }
  }
}
